
Microsoft Visual Studio Solution File, Format Version 12.00
# Visual Studio Version 17
VisualStudioVersion = 17.0.31903.59
MinimumVisualStudioVersion = 10.0.40219.1
Project("{9A19103F-16F7-4668-BE54-9A1E7A4F7556}") = "BlazingStory", "BlazingStory\BlazingStory.csproj", "{68529117-22E0-4884-B6F2-B2B53EAEB510}"
EndProject
Project("{2150E333-8FDC-42A3-9474-1A3956D46DE8}") = "Tests", "Tests", "{23FEEDEF-BA29-4B5B-8EC5-E1BDAAF4A4E8}"
EndProject
Project("{2150E333-8FDC-42A3-9474-1A3956D46DE8}") = "Fixtures", "Fixtures", "{4CAC84D7-AE05-4C6F-8992-0BADC1C5B37E}"
EndProject
Project("{9A19103F-16F7-4668-BE54-9A1E7A4F7556}") = "RazorClassLib1", "Tests\Fixtures\RazorClassLib1\RazorClassLib1.csproj", "{0A04F526-B0C7-4378-88BC-25AD67C78AFD}"
EndProject
Project("{9A19103F-16F7-4668-BE54-9A1E7A4F7556}") = "RazorClassLib2", "Tests\Fixtures\RazorClassLib2\RazorClassLib2.csproj", "{A6544A97-2165-48BD-AE21-8C98A9160765}"
EndProject
Project("{9A19103F-16F7-4668-BE54-9A1E7A4F7556}") = "BlazingStoryApp1", "Tests\Fixtures\BlazingStoryApp1\BlazingStoryApp1.csproj", "{E829CA6F-092F-47AC-A8C0-A7D2C7D5D852}"
EndProject
Project("{9A19103F-16F7-4668-BE54-9A1E7A4F7556}") = "BlazingStoryApp2", "Tests\Fixtures\BlazingStoryApp2\BlazingStoryApp2.csproj", "{D2BACEAA-B2C1-4122-B9E6-9D535EAE9FB0}"
EndProject
Project("{9A19103F-16F7-4668-BE54-9A1E7A4F7556}") = "BlazingStory.Test", "Tests\BlazingStory.Test\BlazingStory.Test.csproj", "{57938105-1FFA-4EAA-A1BE-63F08AA9CE5D}"
EndProject
Project("{2150E333-8FDC-42A3-9474-1A3956D46DE8}") = "README", "README", "{A55DF872-3E2A-4B40-9F88-52B38C2EB4D6}"
	ProjectSection(SolutionItems) = preProject
		LICENSE = LICENSE
		README.md = README.md
		RELEASE-NOTES.txt = RELEASE-NOTES.txt
		THIRD-PARTY-NOTICES.txt = THIRD-PARTY-NOTICES.txt
	EndProjectSection
EndProject
Project("{9A19103F-16F7-4668-BE54-9A1E7A4F7556}") = "BlazingStoryApp3", "Tests\Fixtures\BlazingStoryApp3\BlazingStoryApp3.csproj", "{29EA6AF2-00E2-439B-87AE-6DB18D4BF0B9}"
EndProject
Project("{9A19103F-16F7-4668-BE54-9A1E7A4F7556}") = "EmptyBlazorWasmApp1", "Tests\Fixtures\EmptyBlazorWasmApp1\EmptyBlazorWasmApp1.csproj", "{89631B61-D42A-4224-B84C-7A5C9E8E1431}"
EndProject
Project("{9A19103F-16F7-4668-BE54-9A1E7A4F7556}") = "ClassLibVer1230", "Tests\Fixtures\ClassLibVer1230\ClassLibVer1230.csproj", "{AE20E999-9BF6-41C1-8F99-EE3B619C91EF}"
EndProject
Project("{9A19103F-16F7-4668-BE54-9A1E7A4F7556}") = "ClassLibVer1200Prev34", "Tests\Fixtures\ClassLibVer1200Prev34\ClassLibVer1200Prev34.csproj", "{30935CEE-FBED-4877-8E0A-9A8C5E3BA648}"
EndProject
Global
	GlobalSection(SolutionConfigurationPlatforms) = preSolution
		Debug|Any CPU = Debug|Any CPU
		Release|Any CPU = Release|Any CPU
	EndGlobalSection
	GlobalSection(ProjectConfigurationPlatforms) = postSolution
		{68529117-22E0-4884-B6F2-B2B53EAEB510}.Debug|Any CPU.ActiveCfg = Debug|Any CPU
		{68529117-22E0-4884-B6F2-B2B53EAEB510}.Debug|Any CPU.Build.0 = Debug|Any CPU
		{68529117-22E0-4884-B6F2-B2B53EAEB510}.Release|Any CPU.ActiveCfg = Release|Any CPU
		{68529117-22E0-4884-B6F2-B2B53EAEB510}.Release|Any CPU.Build.0 = Release|Any CPU
		{0A04F526-B0C7-4378-88BC-25AD67C78AFD}.Debug|Any CPU.ActiveCfg = Debug|Any CPU
		{0A04F526-B0C7-4378-88BC-25AD67C78AFD}.Debug|Any CPU.Build.0 = Debug|Any CPU
		{0A04F526-B0C7-4378-88BC-25AD67C78AFD}.Release|Any CPU.ActiveCfg = Release|Any CPU
		{0A04F526-B0C7-4378-88BC-25AD67C78AFD}.Release|Any CPU.Build.0 = Release|Any CPU
		{A6544A97-2165-48BD-AE21-8C98A9160765}.Debug|Any CPU.ActiveCfg = Debug|Any CPU
		{A6544A97-2165-48BD-AE21-8C98A9160765}.Debug|Any CPU.Build.0 = Debug|Any CPU
		{A6544A97-2165-48BD-AE21-8C98A9160765}.Release|Any CPU.ActiveCfg = Release|Any CPU
		{A6544A97-2165-48BD-AE21-8C98A9160765}.Release|Any CPU.Build.0 = Release|Any CPU
		{E829CA6F-092F-47AC-A8C0-A7D2C7D5D852}.Debug|Any CPU.ActiveCfg = Debug|Any CPU
		{E829CA6F-092F-47AC-A8C0-A7D2C7D5D852}.Debug|Any CPU.Build.0 = Debug|Any CPU
		{E829CA6F-092F-47AC-A8C0-A7D2C7D5D852}.Release|Any CPU.ActiveCfg = Release|Any CPU
		{E829CA6F-092F-47AC-A8C0-A7D2C7D5D852}.Release|Any CPU.Build.0 = Release|Any CPU
		{D2BACEAA-B2C1-4122-B9E6-9D535EAE9FB0}.Debug|Any CPU.ActiveCfg = Debug|Any CPU
		{D2BACEAA-B2C1-4122-B9E6-9D535EAE9FB0}.Debug|Any CPU.Build.0 = Debug|Any CPU
		{D2BACEAA-B2C1-4122-B9E6-9D535EAE9FB0}.Release|Any CPU.ActiveCfg = Release|Any CPU
		{D2BACEAA-B2C1-4122-B9E6-9D535EAE9FB0}.Release|Any CPU.Build.0 = Release|Any CPU
		{57938105-1FFA-4EAA-A1BE-63F08AA9CE5D}.Debug|Any CPU.ActiveCfg = Debug|Any CPU
		{57938105-1FFA-4EAA-A1BE-63F08AA9CE5D}.Debug|Any CPU.Build.0 = Debug|Any CPU
		{57938105-1FFA-4EAA-A1BE-63F08AA9CE5D}.Release|Any CPU.ActiveCfg = Release|Any CPU
		{57938105-1FFA-4EAA-A1BE-63F08AA9CE5D}.Release|Any CPU.Build.0 = Release|Any CPU
		{29EA6AF2-00E2-439B-87AE-6DB18D4BF0B9}.Debug|Any CPU.ActiveCfg = Debug|Any CPU
		{29EA6AF2-00E2-439B-87AE-6DB18D4BF0B9}.Debug|Any CPU.Build.0 = Debug|Any CPU
		{29EA6AF2-00E2-439B-87AE-6DB18D4BF0B9}.Release|Any CPU.ActiveCfg = Release|Any CPU
		{29EA6AF2-00E2-439B-87AE-6DB18D4BF0B9}.Release|Any CPU.Build.0 = Release|Any CPU
		{89631B61-D42A-4224-B84C-7A5C9E8E1431}.Debug|Any CPU.ActiveCfg = Debug|Any CPU
		{89631B61-D42A-4224-B84C-7A5C9E8E1431}.Debug|Any CPU.Build.0 = Debug|Any CPU
		{89631B61-D42A-4224-B84C-7A5C9E8E1431}.Release|Any CPU.ActiveCfg = Release|Any CPU
		{89631B61-D42A-4224-B84C-7A5C9E8E1431}.Release|Any CPU.Build.0 = Release|Any CPU
		{AE20E999-9BF6-41C1-8F99-EE3B619C91EF}.Debug|Any CPU.ActiveCfg = Debug|Any CPU
		{AE20E999-9BF6-41C1-8F99-EE3B619C91EF}.Debug|Any CPU.Build.0 = Debug|Any CPU
		{AE20E999-9BF6-41C1-8F99-EE3B619C91EF}.Release|Any CPU.ActiveCfg = Release|Any CPU
		{AE20E999-9BF6-41C1-8F99-EE3B619C91EF}.Release|Any CPU.Build.0 = Release|Any CPU
		{30935CEE-FBED-4877-8E0A-9A8C5E3BA648}.Debug|Any CPU.ActiveCfg = Debug|Any CPU
		{30935CEE-FBED-4877-8E0A-9A8C5E3BA648}.Debug|Any CPU.Build.0 = Debug|Any CPU
		{30935CEE-FBED-4877-8E0A-9A8C5E3BA648}.Release|Any CPU.ActiveCfg = Release|Any CPU
		{30935CEE-FBED-4877-8E0A-9A8C5E3BA648}.Release|Any CPU.Build.0 = Release|Any CPU
	EndGlobalSection
	GlobalSection(SolutionProperties) = preSolution
		HideSolutionNode = FALSE
	EndGlobalSection
	GlobalSection(NestedProjects) = preSolution
		{4CAC84D7-AE05-4C6F-8992-0BADC1C5B37E} = {23FEEDEF-BA29-4B5B-8EC5-E1BDAAF4A4E8}
		{0A04F526-B0C7-4378-88BC-25AD67C78AFD} = {4CAC84D7-AE05-4C6F-8992-0BADC1C5B37E}
		{A6544A97-2165-48BD-AE21-8C98A9160765} = {4CAC84D7-AE05-4C6F-8992-0BADC1C5B37E}
		{E829CA6F-092F-47AC-A8C0-A7D2C7D5D852} = {4CAC84D7-AE05-4C6F-8992-0BADC1C5B37E}
		{D2BACEAA-B2C1-4122-B9E6-9D535EAE9FB0} = {4CAC84D7-AE05-4C6F-8992-0BADC1C5B37E}
		{57938105-1FFA-4EAA-A1BE-63F08AA9CE5D} = {23FEEDEF-BA29-4B5B-8EC5-E1BDAAF4A4E8}
		{29EA6AF2-00E2-439B-87AE-6DB18D4BF0B9} = {4CAC84D7-AE05-4C6F-8992-0BADC1C5B37E}
		{89631B61-D42A-4224-B84C-7A5C9E8E1431} = {4CAC84D7-AE05-4C6F-8992-0BADC1C5B37E}
		{AE20E999-9BF6-41C1-8F99-EE3B619C91EF} = {4CAC84D7-AE05-4C6F-8992-0BADC1C5B37E}
		{30935CEE-FBED-4877-8E0A-9A8C5E3BA648} = {4CAC84D7-AE05-4C6F-8992-0BADC1C5B37E}
	EndGlobalSection
	GlobalSection(ExtensibilityGlobals) = postSolution
		SolutionGuid = {20FA05A1-802E-4D83-AF96-889FA312BA00}
	EndGlobalSection
EndGlobal
