
Microsoft Visual Studio Solution File, Format Version 12.00
# Visual Studio Version 18
VisualStudioVersion = 18.0.11018.127 d18.0
MinimumVisualStudioVersion = 10.0.40219.1
Project("{FAE04EC0-301F-11D3-BF4B-00C04F79EFBC}") = "MyBlazorWasmApp1", "MyBlazorWasmApp1\MyBlazorWasmApp1.csproj", "{9EC9C26C-22C5-4128-B100-AA5023FB0045}"
EndProject
Project("{FAE04EC0-301F-11D3-BF4B-00C04F79EFBC}") = "MyBlazorWasmApp1.Stories", "MyBlazorWasmApp1.Stories\MyBlazorWasmApp1.Stories.csproj", "{5CC24B2C-F708-43FF-808D-112F8D38A669}"
EndProject
Global
	GlobalSection(SolutionConfigurationPlatforms) = preSolution
		Debug|Any CPU = Debug|Any CPU
		Release|Any CPU = Release|Any CPU
	EndGlobalSection
	GlobalSection(ProjectConfigurationPlatforms) = postSolution
		{9EC9C26C-22C5-4128-B100-AA5023FB0045}.Debug|Any CPU.ActiveCfg = Debug|Any CPU
		{9EC9C26C-22C5-4128-B100-AA5023FB0045}.Debug|Any CPU.Build.0 = Debug|Any CPU
		{9EC9C26C-22C5-4128-B100-AA5023FB0045}.Release|Any CPU.ActiveCfg = Release|Any CPU
		{9EC9C26C-22C5-4128-B100-AA5023FB0045}.Release|Any CPU.Build.0 = Release|Any CPU
		{5CC24B2C-F708-43FF-808D-112F8D38A669}.Debug|Any CPU.ActiveCfg = Debug|Any CPU
		{5CC24B2C-F708-43FF-808D-112F8D38A669}.Debug|Any CPU.Build.0 = Debug|Any CPU
		{5CC24B2C-F708-43FF-808D-112F8D38A669}.Release|Any CPU.ActiveCfg = Release|Any CPU
		{5CC24B2C-F708-43FF-808D-112F8D38A669}.Release|Any CPU.Build.0 = Release|Any CPU
	EndGlobalSection
	GlobalSection(SolutionProperties) = preSolution
		HideSolutionNode = FALSE
	EndGlobalSection
	GlobalSection(ExtensibilityGlobals) = postSolution
		SolutionGuid = {C6CB1969-2368-4874-9A53-8B33CBDFFD25}
	EndGlobalSection
EndGlobal
