
Microsoft Visual Studio Solution File, Format Version 12.00
# Visual Studio Version 17
VisualStudioVersion = 17.0.31903.59
MinimumVisualStudioVersion = 10.0.40219.1
Project("{9A19103F-16F7-4668-BE54-9A1E7A4F7556}") = "MyRazorClassLib", "MyRazorClassLib\MyRazorClassLib.csproj", "{F4899446-1A30-48B5-BD79-67B20654BDB0}"
EndProject
Project("{9A19103F-16F7-4668-BE54-9A1E7A4F7556}") = "MyRazorClassLib.Stories", "MyRazorClassLib.Stories\MyRazorClassLib.Stories.csproj", "{3EF89490-F40D-455D-9C49-C2D20470930E}"
EndProject
Global
	GlobalSection(SolutionConfigurationPlatforms) = preSolution
		Debug|Any CPU = Debug|Any CPU
		Release|Any CPU = Release|Any CPU
	EndGlobalSection
	GlobalSection(ProjectConfigurationPlatforms) = postSolution
		{F4899446-1A30-48B5-BD79-67B20654BDB0}.Debug|Any CPU.ActiveCfg = Debug|Any CPU
		{F4899446-1A30-48B5-BD79-67B20654BDB0}.Debug|Any CPU.Build.0 = Debug|Any CPU
		{F4899446-1A30-48B5-BD79-67B20654BDB0}.Release|Any CPU.ActiveCfg = Release|Any CPU
		{F4899446-1A30-48B5-BD79-67B20654BDB0}.Release|Any CPU.Build.0 = Release|Any CPU
		{3EF89490-F40D-455D-9C49-C2D20470930E}.Debug|Any CPU.ActiveCfg = Debug|Any CPU
		{3EF89490-F40D-455D-9C49-C2D20470930E}.Debug|Any CPU.Build.0 = Debug|Any CPU
		{3EF89490-F40D-455D-9C49-C2D20470930E}.Release|Any CPU.ActiveCfg = Release|Any CPU
		{3EF89490-F40D-455D-9C49-C2D20470930E}.Release|Any CPU.Build.0 = Release|Any CPU
	EndGlobalSection
	GlobalSection(SolutionProperties) = preSolution
		HideSolutionNode = FALSE
	EndGlobalSection
	GlobalSection(ExtensibilityGlobals) = postSolution
		SolutionGuid = {2AF44DFC-FFBC-4562-800C-6CA50A656945}
	EndGlobalSection
EndGlobal
